
Microsoft Visual Studio Solution File, Format Version 12.00
# Visual Studio Version 16
VisualStudioVersion = 16.0.29424.173
MinimumVisualStudioVersion = 10.0.40219.1
Project("{FAE04EC0-301F-11D3-BF4B-00C04F79EFBC}") = "Profile_Homework", "Profile_Homework\Profile_Homework.csproj", "{3790CA9C-DB76-43BD-BC90-3D0F7269F508}"
EndProject
Global
	GlobalSection(SolutionConfigurationPlatforms) = preSolution
		Debug|Any CPU = Debug|Any CPU
		Release|Any CPU = Release|Any CPU
	EndGlobalSection
	GlobalSection(ProjectConfigurationPlatforms) = postSolution
		{3790CA9C-DB76-43BD-BC90-3D0F7269F508}.Debug|Any CPU.ActiveCfg = Debug|Any CPU
		{3790CA9C-DB76-43BD-BC90-3D0F7269F508}.Debug|Any CPU.Build.0 = Debug|Any CPU
		{3790CA9C-DB76-43BD-BC90-3D0F7269F508}.Release|Any CPU.ActiveCfg = Release|Any CPU
		{3790CA9C-DB76-43BD-BC90-3D0F7269F508}.Release|Any CPU.Build.0 = Release|Any CPU
	EndGlobalSection
	GlobalSection(SolutionProperties) = preSolution
		HideSolutionNode = FALSE
	EndGlobalSection
	GlobalSection(ExtensibilityGlobals) = postSolution
		SolutionGuid = {E8A0A11B-0EB9-4D72-AF57-4024D8AB7E90}
	EndGlobalSection
EndGlobal
